
Microsoft Visual Studio Solution File, Format Version 12.00
# Visual Studio Version 17
VisualStudioVersion = 17.0.32126.317
MinimumVisualStudioVersion = 10.0.40219.1
Project("{888888A0-9F3D-457C-B088-3A5042F75D52}") = "CTRLDeck-Python", "CTRLDeck-Python.pyproj", "{EFFAACBC-0CF5-45A9-B315-BA40AC43F875}"
EndProject
Global
	GlobalSection(SolutionConfigurationPlatforms) = preSolution
		Debug|Any CPU = Debug|Any CPU
		Release|Any CPU = Release|Any CPU
	EndGlobalSection
	GlobalSection(ProjectConfigurationPlatforms) = postSolution
		{EFFAACBC-0CF5-45A9-B315-BA40AC43F875}.Debug|Any CPU.ActiveCfg = Debug|Any CPU
		{EFFAACBC-0CF5-45A9-B315-BA40AC43F875}.Release|Any CPU.ActiveCfg = Release|Any CPU
	EndGlobalSection
	GlobalSection(SolutionProperties) = preSolution
		HideSolutionNode = FALSE
	EndGlobalSection
	GlobalSection(ExtensibilityGlobals) = postSolution
		SolutionGuid = {0C4F08D1-279F-4E85-836E-EADD9419EF9F}
	EndGlobalSection
EndGlobal
